
Microsoft Visual Studio Solution File, Format Version 12.00
# Visual Studio Version 17
VisualStudioVersion = 17.14.36518.9
MinimumVisualStudioVersion = 10.0.40219.1
Project("{FAE04EC0-301F-11D3-BF4B-00C04F79EFBC}") = "Numera.GUI", "Numera.GUI.csproj", "{3BC87B9E-AF99-44CE-9BD3-A7784819C554}"
EndProject
Project("{F2A71F9B-5D33-465A-A702-920D77279786}") = "FSharpLib", "..\FSharpLib1\FSharpLib.fsproj", "{F9C1BD2C-434D-492E-9610-8DB45FB34059}"
EndProject
Global
	GlobalSection(SolutionConfigurationPlatforms) = preSolution
		Debug|Any CPU = Debug|Any CPU
		Release|Any CPU = Release|Any CPU
	EndGlobalSection
	GlobalSection(ProjectConfigurationPlatforms) = postSolution
		{3BC87B9E-AF99-44CE-9BD3-A7784819C554}.Debug|Any CPU.ActiveCfg = Debug|Any CPU
		{3BC87B9E-AF99-44CE-9BD3-A7784819C554}.Debug|Any CPU.Build.0 = Debug|Any CPU
		{3BC87B9E-AF99-44CE-9BD3-A7784819C554}.Release|Any CPU.ActiveCfg = Release|Any CPU
		{3BC87B9E-AF99-44CE-9BD3-A7784819C554}.Release|Any CPU.Build.0 = Release|Any CPU
		{F9C1BD2C-434D-492E-9610-8DB45FB34059}.Debug|Any CPU.ActiveCfg = Debug|Any CPU
		{F9C1BD2C-434D-492E-9610-8DB45FB34059}.Debug|Any CPU.Build.0 = Debug|Any CPU
		{F9C1BD2C-434D-492E-9610-8DB45FB34059}.Release|Any CPU.ActiveCfg = Release|Any CPU
		{F9C1BD2C-434D-492E-9610-8DB45FB34059}.Release|Any CPU.Build.0 = Release|Any CPU
	EndGlobalSection
	GlobalSection(SolutionProperties) = preSolution
		HideSolutionNode = FALSE
	EndGlobalSection
	GlobalSection(ExtensibilityGlobals) = postSolution
		SolutionGuid = {8ED1012A-46D6-4954-99CE-227C6B87AEF5}
	EndGlobalSection
EndGlobal
